
Microsoft Visual Studio Solution File, Format Version 12.00
# Visual Studio Version 17
VisualStudioVersion = 17.10.34928.147
MinimumVisualStudioVersion = 10.0.40219.1
Project("{FAE04EC0-301F-11D3-BF4B-00C04F79EFBC}") = "st10399462 PROG6221POEGROUP", "st10399462 PROG6221POEGROUP\st10399462 PROG6221POEGROUP.csproj", "{A6502FA2-A3E7-4C4B-8103-E6EF860AD6FC}"
EndProject
Global
	GlobalSection(SolutionConfigurationPlatforms) = preSolution
		Debug|Any CPU = Debug|Any CPU
		Release|Any CPU = Release|Any CPU
	EndGlobalSection
	GlobalSection(ProjectConfigurationPlatforms) = postSolution
		{A6502FA2-A3E7-4C4B-8103-E6EF860AD6FC}.Debug|Any CPU.ActiveCfg = Debug|Any CPU
		{A6502FA2-A3E7-4C4B-8103-E6EF860AD6FC}.Debug|Any CPU.Build.0 = Debug|Any CPU
		{A6502FA2-A3E7-4C4B-8103-E6EF860AD6FC}.Release|Any CPU.ActiveCfg = Release|Any CPU
		{A6502FA2-A3E7-4C4B-8103-E6EF860AD6FC}.Release|Any CPU.Build.0 = Release|Any CPU
	EndGlobalSection
	GlobalSection(SolutionProperties) = preSolution
		HideSolutionNode = FALSE
	EndGlobalSection
	GlobalSection(ExtensibilityGlobals) = postSolution
		SolutionGuid = {99040C7C-1DA3-4CC7-997A-990669347919}
	EndGlobalSection
EndGlobal
